// !$*UTF8*$!
{
	archiveVersion = 1;
	classes = {
	};
	objectVersion = 50;
	objects = {

/* Begin PBXBuildFile section */
		1597BA59293A1C7D00693A14 /* AppDelegate.swift in Sources */ = {isa = PBXBuildFile; fileRef = 1597BA58293A1C7D00693A14 /* AppDelegate.swift */; };
		1597BA5B293A1C7D00693A14 /* SceneDelegate.swift in Sources */ = {isa = PBXBuildFile; fileRef = 1597BA5A293A1C7D00693A14 /* SceneDelegate.swift */; };
		1597BA5D293A1C7D00693A14 /* ViewController.swift in Sources */ = {isa = PBXBuildFile; fileRef = 1597BA5C293A1C7D00693A14 /* ViewController.swift */; };
		1597BA60293A1C7D00693A14 /* Main.storyboard in Resources */ = {isa = PBXBuildFile; fileRef = 1597BA5E293A1C7D00693A14 /* Main.storyboard */; };
		1597BA62293A1C7F00693A14 /* Assets.xcassets in Resources */ = {isa = PBXBuildFile; fileRef = 1597BA61293A1C7F00693A14 /* Assets.xcassets */; };
		1597BA65293A1C7F00693A14 /* LaunchScreen.storyboard in Resources */ = {isa = PBXBuildFile; fileRef = 1597BA63293A1C7F00693A14 /* LaunchScreen.storyboard */; };
/* End PBXBuildFile section */

/* Begin PBXFileReference section */
		1597BA55293A1C7D00693A14 /* Ejercicio02_ALMUERZO.app */ = {isa = PBXFileReference; explicitFileType = wrapper.application; includeInIndex = 0; path = Ejercicio02_ALMUERZO.app; sourceTree = BUILT_PRODUCTS_DIR; };
		1597BA58293A1C7D00693A14 /* AppDelegate.swift */ = {isa = PBXFileReference; lastKnownFileType = sourcecode.swift; path = AppDelegate.swift; sourceTree = "<group>"; };
		1597BA5A293A1C7D00693A14 /* SceneDelegate.swift */ = {isa = PBXFileReference; lastKnownFileType = sourcecode.swift; path = SceneDelegate.swift; sourceTree = "<group>"; };
		1597BA5C293A1C7D00693A14 /* ViewController.swift */ = {isa = PBXFileReference; lastKnownFileType = sourcecode.swift; path = ViewController.swift; sourceTree = "<group>"; };
		1597BA5F293A1C7D00693A14 /* Base */ = {isa = PBXFileReference; lastKnownFileType = file.storyboard; name = Base; path = Base.lproj/Main.storyboard; sourceTree = "<group>"; };
		1597BA61293A1C7F00693A14 /* Assets.xcassets */ = {isa = PBXFileReference; lastKnownFileType = folder.assetcatalog; path = Assets.xcassets; sourceTree = "<group>"; };
		1597BA64293A1C7F00693A14 /* Base */ = {isa = PBXFileReference; lastKnownFileType = file.storyboard; name = Base; path = Base.lproj/LaunchScreen.storyboard; sourceTree = "<group>"; };
		1597BA66293A1C7F00693A14 /* Info.plist */ = {isa = PBXFileReference; lastKnownFileType = text.plist.xml; path = Info.plist; sourceTree = "<group>"; };
/* End PBXFileReference section */

/* Begin PBXFrameworksBuildPhase section */
		1597BA52293A1C7D00693A14 /* Frameworks */ = {
			isa = PBXFrameworksBuildPhase;
			buildActionMask = 2147483647;
			files = (
			);
			runOnlyForDeploymentPostprocessing = 0;
		};
/* End PBXFrameworksBuildPhase section */

/* Begin PBXGroup section */
		1597BA4C293A1C7D00693A14 = {
			isa = PBXGroup;
			children = (
				1597BA57293A1C7D00693A14 /* Ejercicio02_ALMUERZO */,
				1597BA56293A1C7D00693A14 /* Products */,
			);
			sourceTree = "<group>";
		};
		1597BA56293A1C7D00693A14 /* Products */ = {
			isa = PBXGroup;
			children = (
				1597BA55293A1C7D00693A14 /* Ejercicio02_ALMUERZO.app */,
			);
			name = Products;
			sourceTree = "<group>";
		};
		1597BA57293A1C7D00693A14 /* Ejercicio02_ALMUERZO */ = {
			isa = PBXGroup;
			children = (
				1597BA58293A1C7D00693A14 /* AppDelegate.swift */,
				1597BA5A293A1C7D00693A14 /* SceneDelegate.swift */,
				1597BA5C293A1C7D00693A14 /* ViewController.swift */,
				1597BA5E293A1C7D00693A14 /* Main.storyboard */,
				1597BA61293A1C7F00693A14 /* Assets.xcassets */,
				1597BA63293A1C7F00693A14 /* LaunchScreen.storyboard */,
				1597BA66293A1C7F00693A14 /* Info.plist */,
			);
			path = Ejercicio02_ALMUERZO;
			sourceTree = "<group>";
		};
/* End PBXGroup section */

/* Begin PBXNativeTarget section */
		1597BA54293A1C7D00693A14 /* Ejercicio02_ALMUERZO */ = {
			isa = PBXNativeTarget;
			buildConfigurationList = 1597BA69293A1C7F00693A14 /* Build configuration list for PBXNativeTarget "Ejercicio02_ALMUERZO" */;
			buildPhases = (
				1597BA51293A1C7D00693A14 /* Sources */,
				1597BA52293A1C7D00693A14 /* Frameworks */,
				1597BA53293A1C7D00693A14 /* Resources */,
			);
			buildRules = (
			);
			dependencies = (
			);
			name = Ejercicio02_ALMUERZO;
			productName = Ejercicio02_ALMUERZO;
			productReference = 1597BA55293A1C7D00693A14 /* Ejercicio02_ALMUERZO.app */;
			productType = "com.apple.product-type.application";
		};
/* End PBXNativeTarget section */

/* Begin PBXProject section */
		1597BA4D293A1C7D00693A14 /* Project object */ = {
			isa = PBXProject;
			attributes = {
				LastSwiftUpdateCheck = 1240;
				LastUpgradeCheck = 1240;
				TargetAttributes = {
					1597BA54293A1C7D00693A14 = {
						CreatedOnToolsVersion = 12.4;
					};
				};
			};
			buildConfigurationList = 1597BA50293A1C7D00693A14 /* Build configuration list for PBXProject "Ejercicio02_ALMUERZO" */;
			compatibilityVersion = "Xcode 9.3";
			developmentRegion = en;
			hasScannedForEncodings = 0;
			knownRegions = (
				en,
				Base,
			);
			mainGroup = 1597BA4C293A1C7D00693A14;
			productRefGroup = 1597BA56293A1C7D00693A14 /* Products */;
			projectDirPath = "";
			projectRoot = "";
			targets = (
				1597BA54293A1C7D00693A14 /* Ejercicio02_ALMUERZO */,
			);
		};
/* End PBXProject section */

/* Begin PBXResourcesBuildPhase section */
		1597BA53293A1C7D00693A14 /* Resources */ = {
			isa = PBXResourcesBuildPhase;
			buildActionMask = 2147483647;
			files = (
				1597BA65293A1C7F00693A14 /* LaunchScreen.storyboard in Resources */,
				1597BA62293A1C7F00693A14 /* Assets.xcassets in Resources */,
				1597BA60293A1C7D00693A14 /* Main.storyboard in Resources */,
			);
			runOnlyForDeploymentPostprocessing = 0;
		};
/* End PBXResourcesBuildPhase section */

/* Begin PBXSourcesBuildPhase section */
		1597BA51293A1C7D00693A14 /* Sources */ = {
			isa = PBXSourcesBuildPhase;
			buildActionMask = 2147483647;
			files = (
				1597BA5D293A1C7D00693A14 /* ViewController.swift in Sources */,
				1597BA59293A1C7D00693A14 /* AppDelegate.swift in Sources */,
				1597BA5B293A1C7D00693A14 /* SceneDelegate.swift in Sources */,
			);
			runOnlyForDeploymentPostprocessing = 0;
		};
/* End PBXSourcesBuildPhase section */

/* Begin PBXVariantGroup section */
		1597BA5E293A1C7D00693A14 /* Main.storyboard */ = {
			isa = PBXVariantGroup;
			children = (
				1597BA5F293A1C7D00693A14 /* Base */,
			);
			name = Main.storyboard;
			sourceTree = "<group>";
		};
		1597BA63293A1C7F00693A14 /* LaunchScreen.storyboard */ = {
			isa = PBXVariantGroup;
			children = (
				1597BA64293A1C7F00693A14 /* Base */,
			);
			name = LaunchScreen.storyboard;
			sourceTree = "<group>";
		};
/* End PBXVariantGroup section */

/* Begin XCBuildConfiguration section */
		1597BA67293A1C7F00693A14 /* Debug */ = {
			isa = XCBuildConfiguration;
			buildSettings = {
				ALWAYS_SEARCH_USER_PATHS = NO;
				CLANG_ANALYZER_NONNULL = YES;
				CLANG_ANALYZER_NUMBER_OBJECT_CONVERSION = YES_AGGRESSIVE;
				CLANG_CXX_LANGUAGE_STANDARD = "gnu++14";
				CLANG_CXX_LIBRARY = "libc++";
				CLANG_ENABLE_MODULES = YES;
				CLANG_ENABLE_OBJC_ARC = YES;
				CLANG_ENABLE_OBJC_WEAK = YES;
				CLANG_WARN_BLOCK_CAPTURE_AUTORELEASING = YES;
				CLANG_WARN_BOOL_CONVERSION = YES;
				CLANG_WARN_COMMA = YES;
				CLANG_WARN_CONSTANT_CONVERSION = YES;
				CLANG_WARN_DEPRECATED_OBJC_IMPLEMENTATIONS = YES;
				CLANG_WARN_DIRECT_OBJC_ISA_USAGE = YES_ERROR;
				CLANG_WARN_DOCUMENTATION_COMMENTS = YES;
				CLANG_WARN_EMPTY_BODY = YES;
				CLANG_WARN_ENUM_CONVERSION = YES;
				CLANG_WARN_INFINITE_RECURSION = YES;
				CLANG_WARN_INT_CONVERSION = YES;
				CLANG_WARN_NON_LITERAL_NULL_CONVERSION = YES;
				CLANG_WARN_OBJC_IMPLICIT_RETAIN_SELF = YES;
				CLANG_WARN_OBJC_LITERAL_CONVERSION = YES;
				CLANG_WARN_OBJC_ROOT_CLASS = YES_ERROR;
				CLANG_WARN_QUOTED_INCLUDE_IN_FRAMEWORK_HEADER = YES;
				CLANG_WARN_RANGE_LOOP_ANALYSIS = YES;
				CLANG_WARN_STRICT_PROTOTYPES = YES;
				CLANG_WARN_SUSPICIOUS_MOVE = YES;
				CLANG_WARN_UNGUARDED_AVAILABILITY = YES_AGGRESSIVE;
				CLANG_WARN_UNREACHABLE_CODE = YES;
				CLANG_WARN__DUPLICATE_METHOD_MATCH = YES;
				COPY_PHASE_STRIP = NO;
				DEBUG_INFORMATION_FORMAT = dwarf;
				ENABLE_STRICT_OBJC_MSGSEND = YES;
				ENABLE_TESTABILITY = YES;
				GCC_C_LANGUAGE_STANDARD = gnu11;
				GCC_DYNAMIC_NO_PIC = NO;
				GCC_NO_COMMON_BLOCKS = YES;
				GCC_OPTIMIZATION_LEVEL = 0;
				GCC_PREPROCESSOR_DEFINITIONS = (
					"DEBUG=1",
					"$(inherited)",
				);
				GCC_WARN_64_TO_32_BIT_CONVERSION = YES;
				GCC_WARN_ABOUT_RETURN_TYPE = YES_ERROR;
				GCC_WARN_UNDECLARED_SELECTOR = YES;
				GCC_WARN_UNINITIALIZED_AUTOS = YES_AGGRESSIVE;
				GCC_WARN_UNUSED_FUNCTION = YES;
				GCC_WARN_UNUSED_VARIABLE = YES;
				IPHONEOS_DEPLOYMENT_TARGET = 14.4;
				MTL_ENABLE_DEBUG_INFO = INCLUDE_SOURCE;
				MTL_FAST_MATH = YES;
				ONLY_ACTIVE_ARCH = YES;
				SDKROOT = iphoneos;
				SWIFT_ACTIVE_COMPILATION_CONDITIONS = DEBUG;
				SWIFT_OPTIMIZATION_LEVEL = "-Onone";
			};
			name = Debug;
		};
		1597BA68293A1C7F00693A14 /* Release */ = {
			isa = XCBuildConfiguration;
			buildSettings = {
				ALWAYS_SEARCH_USER_PATHS = NO;
				CLANG_ANALYZER_NONNULL = YES;
				CLANG_ANALYZER_NUMBER_OBJECT_CONVERSION = YES_AGGRESSIVE;
				CLANG_CXX_LANGUAGE_STANDARD = "gnu++14";
				CLANG_CXX_LIBRARY = "libc++";
				CLANG_ENABLE_MODULES = YES;
				CLANG_ENABLE_OBJC_ARC = YES;
				CLANG_ENABLE_OBJC_WEAK = YES;
				CLANG_WARN_BLOCK_CAPTURE_AUTORELEASING = YES;
				CLANG_WARN_BOOL_CONVERSION = YES;
				CLANG_WARN_COMMA = YES;
				CLANG_WARN_CONSTANT_CONVERSION = YES;
				CLANG_WARN_DEPRECATED_OBJC_IMPLEMENTATIONS = YES;
				CLANG_WARN_DIRECT_OBJC_ISA_USAGE = YES_ERROR;
				CLANG_WARN_DOCUMENTATION_COMMENTS = YES;
				CLANG_WARN_EMPTY_BODY = YES;
				CLANG_WARN_ENUM_CONVERSION = YES;
				CLANG_WARN_INFINITE_RECURSION = YES;
				CLANG_WARN_INT_CONVERSION = YES;
				CLANG_WARN_NON_LITERAL_NULL_CONVERSION = YES;
				CLANG_WARN_OBJC_IMPLICIT_RETAIN_SELF = YES;
				CLANG_WARN_OBJC_LITERAL_CONVERSION = YES;
				CLANG_WARN_OBJC_ROOT_CLASS = YES_ERROR;
				CLANG_WARN_QUOTED_INCLUDE_IN_FRAMEWORK_HEADER = YES;
				CLANG_WARN_RANGE_LOOP_ANALYSIS = YES;
				CLANG_WARN_STRICT_PROTOTYPES = YES;
				CLANG_WARN_SUSPICIOUS_MOVE = YES;
				CLANG_WARN_UNGUARDED_AVAILABILITY = YES_AGGRESSIVE;
				CLANG_WARN_UNREACHABLE_CODE = YES;
				CLANG_WARN__DUPLICATE_METHOD_MATCH = YES;
				COPY_PHASE_STRIP = NO;
				DEBUG_INFORMATION_FORMAT = "dwarf-with-dsym";
				ENABLE_NS_ASSERTIONS = NO;
				ENABLE_STRICT_OBJC_MSGSEND = YES;
				GCC_C_LANGUAGE_STANDARD = gnu11;
				GCC_NO_COMMON_BLOCKS = YES;
				GCC_WARN_64_TO_32_BIT_CONVERSION = YES;
				GCC_WARN_ABOUT_RETURN_TYPE = YES_ERROR;
				GCC_WARN_UNDECLARED_SELECTOR = YES;
				GCC_WARN_UNINITIALIZED_AUTOS = YES_AGGRESSIVE;
				GCC_WARN_UNUSED_FUNCTION = YES;
				GCC_WARN_UNUSED_VARIABLE = YES;
				IPHONEOS_DEPLOYMENT_TARGET = 14.4;
				MTL_ENABLE_DEBUG_INFO = NO;
				MTL_FAST_MATH = YES;
				SDKROOT = iphoneos;
				SWIFT_COMPILATION_MODE = wholemodule;
				SWIFT_OPTIMIZATION_LEVEL = "-O";
				VALIDATE_PRODUCT = YES;
			};
			name = Release;
		};
		1597BA6A293A1C7F00693A14 /* Debug */ = {
			isa = XCBuildConfiguration;
			buildSettings = {
				ASSETCATALOG_COMPILER_APPICON_NAME = AppIcon;
				ASSETCATALOG_COMPILER_GLOBAL_ACCENT_COLOR_NAME = AccentColor;
				CODE_SIGN_STYLE = Automatic;
				INFOPLIST_FILE = Ejercicio02_ALMUERZO/Info.plist;
				LD_RUNPATH_SEARCH_PATHS = (
					"$(inherited)",
					"@executable_path/Frameworks",
				);
				PRODUCT_BUNDLE_IDENTIFIER = "claudia.maggio.Ejercicio02-ALMUERZO";
				PRODUCT_NAME = "$(TARGET_NAME)";
				SWIFT_VERSION = 5.0;
				TARGETED_DEVICE_FAMILY = "1,2";
			};
			name = Debug;
		};
		1597BA6B293A1C7F00693A14 /* Release */ = {
			isa = XCBuildConfiguration;
			buildSettings = {
				ASSETCATALOG_COMPILER_APPICON_NAME = AppIcon;
				ASSETCATALOG_COMPILER_GLOBAL_ACCENT_COLOR_NAME = AccentColor;
				CODE_SIGN_STYLE = Automatic;
				INFOPLIST_FILE = Ejercicio02_ALMUERZO/Info.plist;
				LD_RUNPATH_SEARCH_PATHS = (
					"$(inherited)",
					"@executable_path/Frameworks",
				);
				PRODUCT_BUNDLE_IDENTIFIER = "claudia.maggio.Ejercicio02-ALMUERZO";
				PRODUCT_NAME = "$(TARGET_NAME)";
				SWIFT_VERSION = 5.0;
				TARGETED_DEVICE_FAMILY = "1,2";
			};
			name = Release;
		};
/* End XCBuildConfiguration section */

/* Begin XCConfigurationList section */
		1597BA50293A1C7D00693A14 /* Build configuration list for PBXProject "Ejercicio02_ALMUERZO" */ = {
			isa = XCConfigurationList;
			buildConfigurations = (
				1597BA67293A1C7F00693A14 /* Debug */,
				1597BA68293A1C7F00693A14 /* Release */,
			);
			defaultConfigurationIsVisible = 0;
			defaultConfigurationName = Release;
		};
		1597BA69293A1C7F00693A14 /* Build configuration list for PBXNativeTarget "Ejercicio02_ALMUERZO" */ = {
			isa = XCConfigurationList;
			buildConfigurations = (
				1597BA6A293A1C7F00693A14 /* Debug */,
				1597BA6B293A1C7F00693A14 /* Release */,
			);
			defaultConfigurationIsVisible = 0;
			defaultConfigurationName = Release;
		};
/* End XCConfigurationList section */
	};
	rootObject = 1597BA4D293A1C7D00693A14 /* Project object */;
}
